
Microsoft Visual Studio Solution File, Format Version 12.00
# Visual Studio Version 17
VisualStudioVersion = 17.4.33403.182
MinimumVisualStudioVersion = 10.0.40219.1
Project("{2150E333-8FDC-42A3-9474-1A3956D46DE8}") = "Seminar 2", "Seminar 2", "{65BA0C88-2FF1-4EE8-8728-B0E0D2F0B152}"
EndProject
Project("{9A19103F-16F7-4668-BE54-9A1E7A4F7556}") = "Seminar 2", "Seminar 2\Seminar 2.csproj", "{FCCD5275-6F83-4804-80D0-D329F5577CB2}"
EndProject
Global
	GlobalSection(SolutionConfigurationPlatforms) = preSolution
		Debug|Any CPU = Debug|Any CPU
		Release|Any CPU = Release|Any CPU
	EndGlobalSection
	GlobalSection(ProjectConfigurationPlatforms) = postSolution
		{FCCD5275-6F83-4804-80D0-D329F5577CB2}.Debug|Any CPU.ActiveCfg = Debug|Any CPU
		{FCCD5275-6F83-4804-80D0-D329F5577CB2}.Debug|Any CPU.Build.0 = Debug|Any CPU
		{FCCD5275-6F83-4804-80D0-D329F5577CB2}.Release|Any CPU.ActiveCfg = Release|Any CPU
		{FCCD5275-6F83-4804-80D0-D329F5577CB2}.Release|Any CPU.Build.0 = Release|Any CPU
	EndGlobalSection
	GlobalSection(SolutionProperties) = preSolution
		HideSolutionNode = FALSE
	EndGlobalSection
	GlobalSection(NestedProjects) = preSolution
		{FCCD5275-6F83-4804-80D0-D329F5577CB2} = {65BA0C88-2FF1-4EE8-8728-B0E0D2F0B152}
	EndGlobalSection
	GlobalSection(ExtensibilityGlobals) = postSolution
		SolutionGuid = {5DAF2837-5383-45C9-AEE5-10A707109FBC}
	EndGlobalSection
EndGlobal
